
Microsoft Visual Studio Solution File, Format Version 12.00
Project("{FAE04EC0-301F-11D3-BF4B-00C04F79EFBC}") = "BallchasingWrapper", "BallchasingWrapper\BallchasingWrapper.csproj", "{FB515709-03B2-44FA-9312-90A22AEAA4CC}"
EndProject
Global
	GlobalSection(SolutionConfigurationPlatforms) = preSolution
		Debug|Any CPU = Debug|Any CPU
		Release|Any CPU = Release|Any CPU
	EndGlobalSection
	GlobalSection(ProjectConfigurationPlatforms) = postSolution
		{FB515709-03B2-44FA-9312-90A22AEAA4CC}.Debug|Any CPU.ActiveCfg = Debug|Any CPU
		{FB515709-03B2-44FA-9312-90A22AEAA4CC}.Debug|Any CPU.Build.0 = Debug|Any CPU
		{FB515709-03B2-44FA-9312-90A22AEAA4CC}.Release|Any CPU.ActiveCfg = Release|Any CPU
		{FB515709-03B2-44FA-9312-90A22AEAA4CC}.Release|Any CPU.Build.0 = Release|Any CPU
	EndGlobalSection
EndGlobal
