
Microsoft Visual Studio Solution File, Format Version 12.00
# Visual Studio Version 16
VisualStudioVersion = 16.0.31105.61
MinimumVisualStudioVersion = 10.0.40219.1
Project("{9A19103F-16F7-4668-BE54-9A1E7A4F7556}") = "Discord Bot", "Discord Bot.csproj", "{179E9449-88EE-464D-A165-AD383577D6AE}"
EndProject
Project("{FAE04EC0-301F-11D3-BF4B-00C04F79EFBC}") = "RLStats Discord Bot Service", "..\RLStats Discord Bot Service\RLStats Discord Bot Service.csproj", "{3CE6156D-6021-4F10-B3C9-4A68F83E9C8C}"
EndProject
Global
	GlobalSection(SolutionConfigurationPlatforms) = preSolution
		Debug|Any CPU = Debug|Any CPU
		Release|Any CPU = Release|Any CPU
	EndGlobalSection
	GlobalSection(ProjectConfigurationPlatforms) = postSolution
		{179E9449-88EE-464D-A165-AD383577D6AE}.Debug|Any CPU.ActiveCfg = Debug|Any CPU
		{179E9449-88EE-464D-A165-AD383577D6AE}.Debug|Any CPU.Build.0 = Debug|Any CPU
		{179E9449-88EE-464D-A165-AD383577D6AE}.Release|Any CPU.ActiveCfg = Release|Any CPU
		{179E9449-88EE-464D-A165-AD383577D6AE}.Release|Any CPU.Build.0 = Release|Any CPU
		{3CE6156D-6021-4F10-B3C9-4A68F83E9C8C}.Debug|Any CPU.ActiveCfg = Debug|Any CPU
		{3CE6156D-6021-4F10-B3C9-4A68F83E9C8C}.Debug|Any CPU.Build.0 = Debug|Any CPU
		{3CE6156D-6021-4F10-B3C9-4A68F83E9C8C}.Release|Any CPU.ActiveCfg = Release|Any CPU
		{3CE6156D-6021-4F10-B3C9-4A68F83E9C8C}.Release|Any CPU.Build.0 = Release|Any CPU
	EndGlobalSection
	GlobalSection(SolutionProperties) = preSolution
		HideSolutionNode = FALSE
	EndGlobalSection
	GlobalSection(ExtensibilityGlobals) = postSolution
		SolutionGuid = {D25D1914-F4B1-44A4-AED7-722810804715}
	EndGlobalSection
EndGlobal
