
Microsoft Visual Studio Solution File, Format Version 12.00
# Visual Studio Version 17
VisualStudioVersion = 17.0.32126.317
MinimumVisualStudioVersion = 10.0.40219.1
Project("{9A19103F-16F7-4668-BE54-9A1E7A4F7556}") = "RocketLeagueStats", "RocketLeagueStats.csproj", "{316E60D0-C8AB-4908-B0F1-BEB5A731335C}"
EndProject
Project("{9A19103F-16F7-4668-BE54-9A1E7A4F7556}") = "Replay Download Service", "..\Replay Download Service\Replay Download Service.csproj", "{206C7202-CCE2-4B70-A88A-CFB711E1A1FF}"
EndProject
Project("{9A19103F-16F7-4668-BE54-9A1E7A4F7556}") = "RLStats WPF", "..\RLStats.WPF\RLStats WPF.csproj", "{863E4CE9-2CBE-4C4A-8C58-5504081EDD98}"
EndProject
Project("{9A19103F-16F7-4668-BE54-9A1E7A4F7556}") = "RLStats Classes", "..\RLStats.Classes\RLStats Classes.csproj", "{317E8F27-3B03-47D0-927F-21CBF1E578E3}"
EndProject
Project("{9A19103F-16F7-4668-BE54-9A1E7A4F7556}") = "Discord Bot", "..\RLStats.DiscordBot\Discord Bot.csproj", "{B9ED9D4F-7E26-4D42-B5E7-172DA2657198}"
EndProject
Project("{FAE04EC0-301F-11D3-BF4B-00C04F79EFBC}") = "RLStats.MongoDBSupport", "..\RLStats.MongoDBSupport\RLStats.MongoDBSupport.csproj", "{B18432E0-39F6-4FA5-848C-E5EE7E6C422A}"
EndProject
Global
	GlobalSection(SolutionConfigurationPlatforms) = preSolution
		Debug|Any CPU = Debug|Any CPU
		Release|Any CPU = Release|Any CPU
	EndGlobalSection
	GlobalSection(ProjectConfigurationPlatforms) = postSolution
		{316E60D0-C8AB-4908-B0F1-BEB5A731335C}.Debug|Any CPU.ActiveCfg = Debug|Any CPU
		{316E60D0-C8AB-4908-B0F1-BEB5A731335C}.Debug|Any CPU.Build.0 = Debug|Any CPU
		{316E60D0-C8AB-4908-B0F1-BEB5A731335C}.Release|Any CPU.ActiveCfg = Release|Any CPU
		{316E60D0-C8AB-4908-B0F1-BEB5A731335C}.Release|Any CPU.Build.0 = Release|Any CPU
		{206C7202-CCE2-4B70-A88A-CFB711E1A1FF}.Debug|Any CPU.ActiveCfg = Debug|Any CPU
		{206C7202-CCE2-4B70-A88A-CFB711E1A1FF}.Debug|Any CPU.Build.0 = Debug|Any CPU
		{206C7202-CCE2-4B70-A88A-CFB711E1A1FF}.Release|Any CPU.ActiveCfg = Release|Any CPU
		{206C7202-CCE2-4B70-A88A-CFB711E1A1FF}.Release|Any CPU.Build.0 = Release|Any CPU
		{863E4CE9-2CBE-4C4A-8C58-5504081EDD98}.Debug|Any CPU.ActiveCfg = Debug|Any CPU
		{863E4CE9-2CBE-4C4A-8C58-5504081EDD98}.Debug|Any CPU.Build.0 = Debug|Any CPU
		{863E4CE9-2CBE-4C4A-8C58-5504081EDD98}.Release|Any CPU.ActiveCfg = Release|Any CPU
		{863E4CE9-2CBE-4C4A-8C58-5504081EDD98}.Release|Any CPU.Build.0 = Release|Any CPU
		{317E8F27-3B03-47D0-927F-21CBF1E578E3}.Debug|Any CPU.ActiveCfg = Debug|Any CPU
		{317E8F27-3B03-47D0-927F-21CBF1E578E3}.Debug|Any CPU.Build.0 = Debug|Any CPU
		{317E8F27-3B03-47D0-927F-21CBF1E578E3}.Release|Any CPU.ActiveCfg = Release|Any CPU
		{317E8F27-3B03-47D0-927F-21CBF1E578E3}.Release|Any CPU.Build.0 = Release|Any CPU
		{B9ED9D4F-7E26-4D42-B5E7-172DA2657198}.Debug|Any CPU.ActiveCfg = Debug|Any CPU
		{B9ED9D4F-7E26-4D42-B5E7-172DA2657198}.Debug|Any CPU.Build.0 = Debug|Any CPU
		{B9ED9D4F-7E26-4D42-B5E7-172DA2657198}.Release|Any CPU.ActiveCfg = Release|Any CPU
		{B9ED9D4F-7E26-4D42-B5E7-172DA2657198}.Release|Any CPU.Build.0 = Release|Any CPU
		{B18432E0-39F6-4FA5-848C-E5EE7E6C422A}.Debug|Any CPU.ActiveCfg = Debug|Any CPU
		{B18432E0-39F6-4FA5-848C-E5EE7E6C422A}.Debug|Any CPU.Build.0 = Debug|Any CPU
		{B18432E0-39F6-4FA5-848C-E5EE7E6C422A}.Release|Any CPU.ActiveCfg = Release|Any CPU
		{B18432E0-39F6-4FA5-848C-E5EE7E6C422A}.Release|Any CPU.Build.0 = Release|Any CPU
	EndGlobalSection
	GlobalSection(SolutionProperties) = preSolution
		HideSolutionNode = FALSE
	EndGlobalSection
	GlobalSection(ExtensibilityGlobals) = postSolution
		SolutionGuid = {F055082A-3897-4989-9220-979221B26E8F}
	EndGlobalSection
EndGlobal
